# THIS IS AN AUTOGENERATED FILE. DO NOT EDIT THIS FILE DIRECTLY.
# yarn lockfile v1


abbrev@1:
  version "1.1.0"
  resolved "https://registry.yarnpkg.com/abbrev/-/abbrev-1.1.0.tgz#d0554c2256636e2f56e7c2e5ad183f859428d81f"

active-x-obfuscator@0.0.1:
  version "0.0.1"
  resolved "https://registry.yarnpkg.com/active-x-obfuscator/-/active-x-obfuscator-0.0.1.tgz#089b89b37145ff1d9ec74af6530be5526cae1f1a"
  dependencies:
    zeparser "0.0.5"

base64id@0.1.0:
  version "0.1.0"
  resolved "https://registry.yarnpkg.com/base64id/-/base64id-0.1.0.tgz#02ce0fdeee0cef4f40080e1e73e834f0b1bfce3f"

buffer-crc32@0.1.1:
  version "0.1.1"
  resolved "https://registry.yarnpkg.com/buffer-crc32/-/buffer-crc32-0.1.1.tgz#7e110dc9953908ab7c32acdc70c9f945b1cbc526"

bytes@0.1.0:
  version "0.1.0"
  resolved "https://registry.yarnpkg.com/bytes/-/bytes-0.1.0.tgz#c574812228126d6369d1576925a8579db3f8e5a2"

chokidar@0.8.1:
  version "0.8.1"
  resolved "https://registry.yarnpkg.com/chokidar/-/chokidar-0.8.1.tgz#8ee0c99ef48420902fded73b862eac2dd75da4a6"

coffee-script@1.4.x:
  version "1.4.0"
  resolved "https://registry.yarnpkg.com/coffee-script/-/coffee-script-1.4.0.tgz#5e3bc8aac26c01a8e27bf107722c5655f5ad7d36"

commander@0.6.1:
  version "0.6.1"
  resolved "https://registry.yarnpkg.com/commander/-/commander-0.6.1.tgz#fa68a14f6a945d54dbbe50d8cdb3320e9e3b1a06"

commander@~2.1.0:
  version "2.1.0"
  resolved "https://registry.yarnpkg.com/commander/-/commander-2.1.0.tgz#d121bbae860d9992a3d517ba96f56588e47c6781"

connect@1.x:
  version "1.9.2"
  resolved "https://registry.yarnpkg.com/connect/-/connect-1.9.2.tgz#42880a22e9438ae59a8add74e437f58ae8e52807"
  dependencies:
    formidable "1.0.x"
    mime ">= 0.0.1"
    qs ">= 0.4.0"

connect@2.7.2:
  version "2.7.2"
  resolved "https://registry.yarnpkg.com/connect/-/connect-2.7.2.tgz#11799463bdaaaf99d5f9bef133bf2420b26e2680"
  dependencies:
    buffer-crc32 "0.1.1"
    bytes "0.1.0"
    cookie "0.0.5"
    cookie-signature "0.0.1"
    debug "*"
    formidable "1.0.11"
    fresh "0.1.0"
    pause "0.0.1"
    qs "0.5.1"
    send "0.1.0"

cookie-signature@0.0.1:
  version "0.0.1"
  resolved "https://registry.yarnpkg.com/cookie-signature/-/cookie-signature-0.0.1.tgz#13d3603b5cf63befbf85a8801e37aa900db46985"

cookie@0.0.5:
  version "0.0.5"
  resolved "https://registry.yarnpkg.com/cookie/-/cookie-0.0.5.tgz#f9acf9db57eb7568c9fcc596256b7bb22e307c81"

debug@*:
  version "2.6.1"
  resolved "https://registry.yarnpkg.com/debug/-/debug-2.6.1.tgz#79855090ba2c4e3115cc7d8769491d58f0491351"
  dependencies:
    ms "0.7.2"

eventemitter3@0.x.x:
  version "0.1.6"
  resolved "https://registry.yarnpkg.com/eventemitter3/-/eventemitter3-0.1.6.tgz#8c7ac44b87baab55cd50c828dc38778eac052ea5"

express@2.5.x:
  version "2.5.11"
  resolved "https://registry.yarnpkg.com/express/-/express-2.5.11.tgz#4ce8ea1f3635e69e49f0ebb497b6a4b0a51ce6f0"
  dependencies:
    connect "1.x"
    mime "1.2.4"
    mkdirp "0.3.0"
    qs "0.4.x"

express@3.0.x:
  version "3.0.6"
  resolved "https://registry.yarnpkg.com/express/-/express-3.0.6.tgz#d274fcb868b95788bf4af62168d75d13fd77d8b4"
  dependencies:
    buffer-crc32 "0.1.1"
    commander "0.6.1"
    connect "2.7.2"
    cookie "0.0.5"
    cookie-signature "0.0.1"
    debug "*"
    fresh "0.1.0"
    methods "0.0.1"
    mkdirp "0.3.3"
    range-parser "0.0.4"
    send "0.1.0"

formidable@1.0.11, formidable@1.0.x:
  version "1.0.11"
  resolved "https://registry.yarnpkg.com/formidable/-/formidable-1.0.11.tgz#68f63325a035e644b6f7bb3d11243b9761de1b30"

fresh@0.1.0:
  version "0.1.0"
  resolved "https://registry.yarnpkg.com/fresh/-/fresh-0.1.0.tgz#03e4b0178424e4c2d5d19a54d8814cdc97934850"

http-proxy@~1.10.0:
  version "1.10.1"
  resolved "https://registry.yarnpkg.com/http-proxy/-/http-proxy-1.10.1.tgz#0bb51c2727bdc094722cff569c7cf1455bd18d59"
  dependencies:
    eventemitter3 "0.x.x"
    requires-port "0.x.x"

methods@0.0.1:
  version "0.0.1"
  resolved "https://registry.yarnpkg.com/methods/-/methods-0.0.1.tgz#277c90f8bef39709645a8371c51c3b6c648e068c"

mime@1.2.4:
  version "1.2.4"
  resolved "https://registry.yarnpkg.com/mime/-/mime-1.2.4.tgz#11b5fdaf29c2509255176b80ad520294f5de92b7"

mime@1.2.6, "mime@>= 0.0.1":
  version "1.2.6"
  resolved "https://registry.yarnpkg.com/mime/-/mime-1.2.6.tgz#b1f86c768c025fa87b48075f1709f28aeaf20365"

mkdirp@0.3.0:
  version "0.3.0"
  resolved "https://registry.yarnpkg.com/mkdirp/-/mkdirp-0.3.0.tgz#1bbf5ab1ba827af23575143490426455f481fe1e"

mkdirp@0.3.3:
  version "0.3.3"
  resolved "https://registry.yarnpkg.com/mkdirp/-/mkdirp-0.3.3.tgz#595e251c1370c3a68bab2136d0e348b8105adf13"

ms@0.7.2:
  version "0.7.2"
  resolved "https://registry.yarnpkg.com/ms/-/ms-0.7.2.tgz#ae25cf2512b3885a1d95d7f037868d8431124765"

nan@~1.0.0:
  version "1.0.0"
  resolved "https://registry.yarnpkg.com/nan/-/nan-1.0.0.tgz#ae24f8850818d662fcab5acf7f3b95bfaa2ccf38"

nopt@3.0.x:
  version "3.0.6"
  resolved "https://registry.yarnpkg.com/nopt/-/nopt-3.0.6.tgz#c6465dbf08abcd4db359317f79ac68a646b28ff9"
  dependencies:
    abbrev "1"

options@>=0.0.5:
  version "0.0.6"
  resolved "https://registry.yarnpkg.com/options/-/options-0.0.6.tgz#ec22d312806bb53e731773e7cdaefcf1c643128f"

pause@0.0.1:
  version "0.0.1"
  resolved "https://registry.yarnpkg.com/pause/-/pause-0.0.1.tgz#1d408b3fdb76923b9543d96fb4c9dfd535d9cb5d"

policyfile@0.0.4:
  version "0.0.4"
  resolved "https://registry.yarnpkg.com/policyfile/-/policyfile-0.0.4.tgz#d6b82ead98ae79ebe228e2daf5903311ec982e4d"

puer@^1.1.1:
  version "1.1.1"
  resolved "https://registry.yarnpkg.com/puer/-/puer-1.1.1.tgz#99f2c2df87cb7052ee9b2e80dbcab49db424caf8"
  dependencies:
    chokidar "0.8.1"
    coffee-script "1.4.x"
    express "3.0.x"
    http-proxy "~1.10.0"
    qrcode-npm "0.0.3"
    socket.io "0.9.16"
    weinre "^2.0.0-pre-I0Z7U9OV"

qrcode-npm@0.0.3:
  version "0.0.3"
  resolved "https://registry.yarnpkg.com/qrcode-npm/-/qrcode-npm-0.0.3.tgz#77ee6fbefa9c0f29fa09d4d1520807c6a6042b9a"

qs@0.4.x:
  version "0.4.2"
  resolved "https://registry.yarnpkg.com/qs/-/qs-0.4.2.tgz#3cac4c861e371a8c9c4770ac23cda8de639b8e5f"

qs@0.5.1, "qs@>= 0.4.0":
  version "0.5.1"
  resolved "https://registry.yarnpkg.com/qs/-/qs-0.5.1.tgz#9f6bf5d9ac6c76384e95d36d15b48980e5e4add0"

range-parser@0.0.4:
  version "0.0.4"
  resolved "https://registry.yarnpkg.com/range-parser/-/range-parser-0.0.4.tgz#c0427ffef51c10acba0782a46c9602e744ff620b"

redis@0.7.3:
  version "0.7.3"
  resolved "https://registry.yarnpkg.com/redis/-/redis-0.7.3.tgz#ee57b7a44d25ec1594e44365d8165fa7d1d4811a"

requires-port@0.x.x:
  version "0.0.1"
  resolved "https://registry.yarnpkg.com/requires-port/-/requires-port-0.0.1.tgz#4b4414411d9df7c855995dd899a8c78a2951c16d"

send@0.1.0:
  version "0.1.0"
  resolved "https://registry.yarnpkg.com/send/-/send-0.1.0.tgz#cfb08ebd3cec9b7fc1a37d9ff9e875a971cf4640"
  dependencies:
    debug "*"
    fresh "0.1.0"
    mime "1.2.6"
    range-parser "0.0.4"

socket.io-client@0.9.16:
  version "0.9.16"
  resolved "https://registry.yarnpkg.com/socket.io-client/-/socket.io-client-0.9.16.tgz#4da7515c5e773041d1b423970415bcc430f35fc6"
  dependencies:
    active-x-obfuscator "0.0.1"
    uglify-js "1.2.5"
    ws "0.4.x"
    xmlhttprequest "1.4.2"

socket.io@0.9.16:
  version "0.9.16"
  resolved "https://registry.yarnpkg.com/socket.io/-/socket.io-0.9.16.tgz#3bab0444e49b55fbbc157424dbd41aa375a51a76"
  dependencies:
    base64id "0.1.0"
    policyfile "0.0.4"
    socket.io-client "0.9.16"
  optionalDependencies:
    redis "0.7.3"

tinycolor@0.x:
  version "0.0.1"
  resolved "https://registry.yarnpkg.com/tinycolor/-/tinycolor-0.0.1.tgz#320b5a52d83abb5978d81a3e887d4aefb15a6164"

uglify-js@1.2.5:
  version "1.2.5"
  resolved "https://registry.yarnpkg.com/uglify-js/-/uglify-js-1.2.5.tgz#b542c2c76f78efb34b200b20177634330ff702b6"

underscore@1.7.x:
  version "1.7.0"
  resolved "https://registry.yarnpkg.com/underscore/-/underscore-1.7.0.tgz#6bbaf0877500d36be34ecaa584e0db9fef035209"

weinre@^2.0.0-pre-I0Z7U9OV:
  version "2.0.0-pre-I0Z7U9OV"
  resolved "https://registry.yarnpkg.com/weinre/-/weinre-2.0.0-pre-I0Z7U9OV.tgz#fef8aa223921f7b40bbbbd4c3ed4302f6fd0a813"
  dependencies:
    express "2.5.x"
    nopt "3.0.x"
    underscore "1.7.x"

ws@0.4.x:
  version "0.4.32"
  resolved "https://registry.yarnpkg.com/ws/-/ws-0.4.32.tgz#787a6154414f3c99ed83c5772153b20feb0cec32"
  dependencies:
    commander "~2.1.0"
    nan "~1.0.0"
    options ">=0.0.5"
    tinycolor "0.x"

xmlhttprequest@1.4.2:
  version "1.4.2"
  resolved "https://registry.yarnpkg.com/xmlhttprequest/-/xmlhttprequest-1.4.2.tgz#01453a1d9bed1e8f172f6495bbf4c8c426321500"

zeparser@0.0.5:
  version "0.0.5"
  resolved "https://registry.yarnpkg.com/zeparser/-/zeparser-0.0.5.tgz#03726561bc268f2e5444f54c665b7fd4a8c029e2"
